{
  "object": {
    "pins": [
      {
        "package": "Alamofire",
        "repositoryURL": "https://github.com/Alamofire/Alamofire.git",
        "state": {
          "branch": null,
          "revision": "eaf6e622dd41b07b251d8f01752eab31bc811493",
          "version": "5.4.1"
        }
      },
      {
        "package": "Valet",
        "repositoryURL": "https://github.com/square/Valet.git",
        "state": {
          "branch": null,
          "revision": "7447d1661d938643b0004084367e7bdcb94fdcc4",
          "version": "3.2.8"
        }
      }
    ]
  },
  "version": 1
}
