PODS:
  - Alamofire (4.9.1)
  - Valet (3.2.8)

DEPENDENCIES:
  - Alamofire (~> 4.9.0)
  - Valet (~> 3.2.0)

SPEC REPOS:
  trunk:
    - Alamofire
    - Valet

SPEC CHECKSUMS:
  Alamofire: 85e8a02c69d6020a0d734f6054870d7ecb75cf18
  Valet: 16d0537d70db79d9ba953b9060b5da4fb8004e51

PODFILE CHECKSUM: faf34a6209d18849711a79e6ef31fb2ecc88f3a8

COCOAPODS: 1.8.3
