// !$*UTF8*$!
{
	archiveVersion = 1;
	classes = {
	};
	objectVersion = 50;
	objects = {

/* Begin PBXBuildFile section */
		6834A2B62406C0A600359631 /* PassportKit.h in Headers */ = {isa = PBXBuildFile; fileRef = 6834A2B42406C0A600359631 /* PassportKit.h */; settings = {ATTRIBUTES = (Public, ); }; };
		6834A2CF2406C0D100359631 /* NetworkErrors.swift in Sources */ = {isa = PBXBuildFile; fileRef = 6834A2BE2406C0D000359631 /* NetworkErrors.swift */; };
		6834A2D02406C0D100359631 /* HTTPStatusCodes.swift in Sources */ = {isa = PBXBuildFile; fileRef = 6834A2BF2406C0D000359631 /* HTTPStatusCodes.swift */; };
		6834A2D12406C0D100359631 /* AuthNetworkController.swift in Sources */ = {isa = PBXBuildFile; fileRef = 6834A2C02406C0D000359631 /* AuthNetworkController.swift */; };
		6834A2D22406C0D100359631 /* Localizable.strings in Resources */ = {isa = PBXBuildFile; fileRef = 6834A2C22406C0D000359631 /* Localizable.strings */; };
		6834A2D32406C0D100359631 /* AuthenticationManager.swift in Sources */ = {isa = PBXBuildFile; fileRef = 6834A2C52406C0D000359631 /* AuthenticationManager.swift */; };
		6834A2D42406C0D100359631 /* AuthenticationToken.swift in Sources */ = {isa = PBXBuildFile; fileRef = 6834A2C62406C0D000359631 /* AuthenticationToken.swift */; };
		6834A2D52406C0D100359631 /* String+Extension.swift in Sources */ = {isa = PBXBuildFile; fileRef = 6834A2C82406C0D100359631 /* String+Extension.swift */; };
		6834A2D62406C0D100359631 /* PassportViewModel.swift in Sources */ = {isa = PBXBuildFile; fileRef = 6834A2CA2406C0D100359631 /* PassportViewModel.swift */; };
		6834A2D72406C0D100359631 /* PassportKit.swift in Sources */ = {isa = PBXBuildFile; fileRef = 6834A2CC2406C0D100359631 /* PassportKit.swift */; };
		6834A2D82406C0D100359631 /* LaravelDateFormatter.swift in Sources */ = {isa = PBXBuildFile; fileRef = 6834A2CE2406C0D100359631 /* LaravelDateFormatter.swift */; };
		A72E191CD6EDA0A4D2F2DBDE /* Pods_PassportKit.framework in Frameworks */ = {isa = PBXBuildFile; fileRef = 98EB002BD1E07FD3FEDD3E77 /* Pods_PassportKit.framework */; };
/* End PBXBuildFile section */

/* Begin PBXFileReference section */
		6834A2B12406C0A600359631 /* PassportKit.framework */ = {isa = PBXFileReference; explicitFileType = wrapper.framework; includeInIndex = 0; path = PassportKit.framework; sourceTree = BUILT_PRODUCTS_DIR; };
		6834A2B42406C0A600359631 /* PassportKit.h */ = {isa = PBXFileReference; lastKnownFileType = sourcecode.c.h; path = PassportKit.h; sourceTree = "<group>"; };
		6834A2B52406C0A600359631 /* Info.plist */ = {isa = PBXFileReference; lastKnownFileType = text.plist.xml; path = Info.plist; sourceTree = "<group>"; };
		6834A2BE2406C0D000359631 /* NetworkErrors.swift */ = {isa = PBXFileReference; fileEncoding = 4; lastKnownFileType = sourcecode.swift; path = NetworkErrors.swift; sourceTree = "<group>"; };
		6834A2BF2406C0D000359631 /* HTTPStatusCodes.swift */ = {isa = PBXFileReference; fileEncoding = 4; lastKnownFileType = sourcecode.swift; path = HTTPStatusCodes.swift; sourceTree = "<group>"; };
		6834A2C02406C0D000359631 /* AuthNetworkController.swift */ = {isa = PBXFileReference; fileEncoding = 4; lastKnownFileType = sourcecode.swift; path = AuthNetworkController.swift; sourceTree = "<group>"; };
		6834A2C32406C0D000359631 /* en */ = {isa = PBXFileReference; lastKnownFileType = text.plist.strings; name = en; path = en.lproj/Localizable.strings; sourceTree = "<group>"; };
		6834A2C52406C0D000359631 /* AuthenticationManager.swift */ = {isa = PBXFileReference; fileEncoding = 4; lastKnownFileType = sourcecode.swift; path = AuthenticationManager.swift; sourceTree = "<group>"; };
		6834A2C62406C0D000359631 /* AuthenticationToken.swift */ = {isa = PBXFileReference; fileEncoding = 4; lastKnownFileType = sourcecode.swift; path = AuthenticationToken.swift; sourceTree = "<group>"; };
		6834A2C82406C0D100359631 /* String+Extension.swift */ = {isa = PBXFileReference; fileEncoding = 4; lastKnownFileType = sourcecode.swift; path = "String+Extension.swift"; sourceTree = "<group>"; };
		6834A2CA2406C0D100359631 /* PassportViewModel.swift */ = {isa = PBXFileReference; fileEncoding = 4; lastKnownFileType = sourcecode.swift; path = PassportViewModel.swift; sourceTree = "<group>"; };
		6834A2CC2406C0D100359631 /* PassportKit.swift */ = {isa = PBXFileReference; fileEncoding = 4; lastKnownFileType = sourcecode.swift; path = PassportKit.swift; sourceTree = "<group>"; };
		6834A2CE2406C0D100359631 /* LaravelDateFormatter.swift */ = {isa = PBXFileReference; fileEncoding = 4; lastKnownFileType = sourcecode.swift; path = LaravelDateFormatter.swift; sourceTree = "<group>"; };
		7DFDB20C9DDEB09D1552D10E /* Pods-PassportKit.release.xcconfig */ = {isa = PBXFileReference; includeInIndex = 1; lastKnownFileType = text.xcconfig; name = "Pods-PassportKit.release.xcconfig"; path = "Target Support Files/Pods-PassportKit/Pods-PassportKit.release.xcconfig"; sourceTree = "<group>"; };
		852B6AAD994639E45643E4E0 /* Pods-PassportKit.debug.xcconfig */ = {isa = PBXFileReference; includeInIndex = 1; lastKnownFileType = text.xcconfig; name = "Pods-PassportKit.debug.xcconfig"; path = "Target Support Files/Pods-PassportKit/Pods-PassportKit.debug.xcconfig"; sourceTree = "<group>"; };
		98EB002BD1E07FD3FEDD3E77 /* Pods_PassportKit.framework */ = {isa = PBXFileReference; explicitFileType = wrapper.framework; includeInIndex = 0; path = Pods_PassportKit.framework; sourceTree = BUILT_PRODUCTS_DIR; };
/* End PBXFileReference section */

/* Begin PBXFrameworksBuildPhase section */
		6834A2AE2406C0A600359631 /* Frameworks */ = {
			isa = PBXFrameworksBuildPhase;
			buildActionMask = 2147483647;
			files = (
				A72E191CD6EDA0A4D2F2DBDE /* Pods_PassportKit.framework in Frameworks */,
			);
			runOnlyForDeploymentPostprocessing = 0;
		};
/* End PBXFrameworksBuildPhase section */

/* Begin PBXGroup section */
		46E5D5820B59C3056A52B305 /* Frameworks */ = {
			isa = PBXGroup;
			children = (
				98EB002BD1E07FD3FEDD3E77 /* Pods_PassportKit.framework */,
			);
			name = Frameworks;
			sourceTree = "<group>";
		};
		6834A2A72406C0A600359631 = {
			isa = PBXGroup;
			children = (
				6834A2B32406C0A600359631 /* PassportKit */,
				6834A2B22406C0A600359631 /* Products */,
				EF704E32F5A3FB18F7859D6A /* Pods */,
				46E5D5820B59C3056A52B305 /* Frameworks */,
			);
			sourceTree = "<group>";
		};
		6834A2B22406C0A600359631 /* Products */ = {
			isa = PBXGroup;
			children = (
				6834A2B12406C0A600359631 /* PassportKit.framework */,
			);
			name = Products;
			sourceTree = "<group>";
		};
		6834A2B32406C0A600359631 /* PassportKit */ = {
			isa = PBXGroup;
			children = (
				6834A2C42406C0D000359631 /* Authentication */,
				6834A2CB2406C0D100359631 /* Controllers */,
				6834A2C72406C0D100359631 /* Extensions */,
				6834A2BC2406C0D000359631 /* NetworkController */,
				6834A2C12406C0D000359631 /* Resources */,
				6834A2C92406C0D100359631 /* View Models */,
				6834A2B42406C0A600359631 /* PassportKit.h */,
				6834A2B52406C0A600359631 /* Info.plist */,
			);
			path = PassportKit;
			sourceTree = "<group>";
		};
		6834A2BC2406C0D000359631 /* NetworkController */ = {
			isa = PBXGroup;
			children = (
				6834A2BD2406C0D000359631 /* Shared */,
				6834A2C02406C0D000359631 /* AuthNetworkController.swift */,
			);
			path = NetworkController;
			sourceTree = "<group>";
		};
		6834A2BD2406C0D000359631 /* Shared */ = {
			isa = PBXGroup;
			children = (
				6834A2BE2406C0D000359631 /* NetworkErrors.swift */,
				6834A2BF2406C0D000359631 /* HTTPStatusCodes.swift */,
			);
			path = Shared;
			sourceTree = "<group>";
		};
		6834A2C12406C0D000359631 /* Resources */ = {
			isa = PBXGroup;
			children = (
				6834A2C22406C0D000359631 /* Localizable.strings */,
			);
			path = Resources;
			sourceTree = "<group>";
		};
		6834A2C42406C0D000359631 /* Authentication */ = {
			isa = PBXGroup;
			children = (
				6834A2C52406C0D000359631 /* AuthenticationManager.swift */,
				6834A2C62406C0D000359631 /* AuthenticationToken.swift */,
			);
			path = Authentication;
			sourceTree = "<group>";
		};
		6834A2C72406C0D100359631 /* Extensions */ = {
			isa = PBXGroup;
			children = (
				6834A2C82406C0D100359631 /* String+Extension.swift */,
			);
			path = Extensions;
			sourceTree = "<group>";
		};
		6834A2C92406C0D100359631 /* View Models */ = {
			isa = PBXGroup;
			children = (
				6834A2CA2406C0D100359631 /* PassportViewModel.swift */,
			);
			path = "View Models";
			sourceTree = "<group>";
		};
		6834A2CB2406C0D100359631 /* Controllers */ = {
			isa = PBXGroup;
			children = (
				6834A2CC2406C0D100359631 /* PassportKit.swift */,
				6834A2CD2406C0D100359631 /* Custom Components */,
			);
			path = Controllers;
			sourceTree = "<group>";
		};
		6834A2CD2406C0D100359631 /* Custom Components */ = {
			isa = PBXGroup;
			children = (
				6834A2CE2406C0D100359631 /* LaravelDateFormatter.swift */,
			);
			path = "Custom Components";
			sourceTree = "<group>";
		};
		EF704E32F5A3FB18F7859D6A /* Pods */ = {
			isa = PBXGroup;
			children = (
				852B6AAD994639E45643E4E0 /* Pods-PassportKit.debug.xcconfig */,
				7DFDB20C9DDEB09D1552D10E /* Pods-PassportKit.release.xcconfig */,
			);
			name = Pods;
			path = Pods;
			sourceTree = "<group>";
		};
/* End PBXGroup section */

/* Begin PBXHeadersBuildPhase section */
		6834A2AC2406C0A600359631 /* Headers */ = {
			isa = PBXHeadersBuildPhase;
			buildActionMask = 2147483647;
			files = (
				6834A2B62406C0A600359631 /* PassportKit.h in Headers */,
			);
			runOnlyForDeploymentPostprocessing = 0;
		};
/* End PBXHeadersBuildPhase section */

/* Begin PBXNativeTarget section */
		6834A2B02406C0A600359631 /* PassportKit */ = {
			isa = PBXNativeTarget;
			buildConfigurationList = 6834A2B92406C0A600359631 /* Build configuration list for PBXNativeTarget "PassportKit" */;
			buildPhases = (
				E11974C18A6861656C8ABA9D /* [CP] Check Pods Manifest.lock */,
				6834A2AC2406C0A600359631 /* Headers */,
				6834A2AD2406C0A600359631 /* Sources */,
				6834A2AE2406C0A600359631 /* Frameworks */,
				6834A2AF2406C0A600359631 /* Resources */,
			);
			buildRules = (
			);
			dependencies = (
			);
			name = PassportKit;
			productName = PassportKit;
			productReference = 6834A2B12406C0A600359631 /* PassportKit.framework */;
			productType = "com.apple.product-type.framework";
		};
/* End PBXNativeTarget section */

/* Begin PBXProject section */
		6834A2A82406C0A600359631 /* Project object */ = {
			isa = PBXProject;
			attributes = {
				LastUpgradeCheck = 1130;
				ORGANIZATIONNAME = Appoly;
				TargetAttributes = {
					6834A2B02406C0A600359631 = {
						CreatedOnToolsVersion = 11.3;
					};
				};
			};
			buildConfigurationList = 6834A2AB2406C0A600359631 /* Build configuration list for PBXProject "PassportKit" */;
			compatibilityVersion = "Xcode 9.3";
			developmentRegion = en;
			hasScannedForEncodings = 0;
			knownRegions = (
				en,
				Base,
			);
			mainGroup = 6834A2A72406C0A600359631;
			productRefGroup = 6834A2B22406C0A600359631 /* Products */;
			projectDirPath = "";
			projectRoot = "";
			targets = (
				6834A2B02406C0A600359631 /* PassportKit */,
			);
		};
/* End PBXProject section */

/* Begin PBXResourcesBuildPhase section */
		6834A2AF2406C0A600359631 /* Resources */ = {
			isa = PBXResourcesBuildPhase;
			buildActionMask = 2147483647;
			files = (
				6834A2D22406C0D100359631 /* Localizable.strings in Resources */,
			);
			runOnlyForDeploymentPostprocessing = 0;
		};
/* End PBXResourcesBuildPhase section */

/* Begin PBXShellScriptBuildPhase section */
		E11974C18A6861656C8ABA9D /* [CP] Check Pods Manifest.lock */ = {
			isa = PBXShellScriptBuildPhase;
			buildActionMask = 2147483647;
			files = (
			);
			inputFileListPaths = (
			);
			inputPaths = (
				"${PODS_PODFILE_DIR_PATH}/Podfile.lock",
				"${PODS_ROOT}/Manifest.lock",
			);
			name = "[CP] Check Pods Manifest.lock";
			outputFileListPaths = (
			);
			outputPaths = (
				"$(DERIVED_FILE_DIR)/Pods-PassportKit-checkManifestLockResult.txt",
			);
			runOnlyForDeploymentPostprocessing = 0;
			shellPath = /bin/sh;
			shellScript = "diff \"${PODS_PODFILE_DIR_PATH}/Podfile.lock\" \"${PODS_ROOT}/Manifest.lock\" > /dev/null\nif [ $? != 0 ] ; then\n    # print error to STDERR\n    echo \"error: The sandbox is not in sync with the Podfile.lock. Run 'pod install' or update your CocoaPods installation.\" >&2\n    exit 1\nfi\n# This output is used by Xcode 'outputs' to avoid re-running this script phase.\necho \"SUCCESS\" > \"${SCRIPT_OUTPUT_FILE_0}\"\n";
			showEnvVarsInLog = 0;
		};
/* End PBXShellScriptBuildPhase section */

/* Begin PBXSourcesBuildPhase section */
		6834A2AD2406C0A600359631 /* Sources */ = {
			isa = PBXSourcesBuildPhase;
			buildActionMask = 2147483647;
			files = (
				6834A2D72406C0D100359631 /* PassportKit.swift in Sources */,
				6834A2D02406C0D100359631 /* HTTPStatusCodes.swift in Sources */,
				6834A2D32406C0D100359631 /* AuthenticationManager.swift in Sources */,
				6834A2D12406C0D100359631 /* AuthNetworkController.swift in Sources */,
				6834A2CF2406C0D100359631 /* NetworkErrors.swift in Sources */,
				6834A2D52406C0D100359631 /* String+Extension.swift in Sources */,
				6834A2D82406C0D100359631 /* LaravelDateFormatter.swift in Sources */,
				6834A2D62406C0D100359631 /* PassportViewModel.swift in Sources */,
				6834A2D42406C0D100359631 /* AuthenticationToken.swift in Sources */,
			);
			runOnlyForDeploymentPostprocessing = 0;
		};
/* End PBXSourcesBuildPhase section */

/* Begin PBXVariantGroup section */
		6834A2C22406C0D000359631 /* Localizable.strings */ = {
			isa = PBXVariantGroup;
			children = (
				6834A2C32406C0D000359631 /* en */,
			);
			name = Localizable.strings;
			sourceTree = "<group>";
		};
/* End PBXVariantGroup section */

/* Begin XCBuildConfiguration section */
		6834A2B72406C0A600359631 /* Debug */ = {
			isa = XCBuildConfiguration;
			buildSettings = {
				ALWAYS_SEARCH_USER_PATHS = NO;
				CLANG_ANALYZER_NONNULL = YES;
				CLANG_ANALYZER_NUMBER_OBJECT_CONVERSION = YES_AGGRESSIVE;
				CLANG_CXX_LANGUAGE_STANDARD = "gnu++14";
				CLANG_CXX_LIBRARY = "libc++";
				CLANG_ENABLE_MODULES = YES;
				CLANG_ENABLE_OBJC_ARC = YES;
				CLANG_ENABLE_OBJC_WEAK = YES;
				CLANG_WARN_BLOCK_CAPTURE_AUTORELEASING = YES;
				CLANG_WARN_BOOL_CONVERSION = YES;
				CLANG_WARN_COMMA = YES;
				CLANG_WARN_CONSTANT_CONVERSION = YES;
				CLANG_WARN_DEPRECATED_OBJC_IMPLEMENTATIONS = YES;
				CLANG_WARN_DIRECT_OBJC_ISA_USAGE = YES_ERROR;
				CLANG_WARN_DOCUMENTATION_COMMENTS = YES;
				CLANG_WARN_EMPTY_BODY = YES;
				CLANG_WARN_ENUM_CONVERSION = YES;
				CLANG_WARN_INFINITE_RECURSION = YES;
				CLANG_WARN_INT_CONVERSION = YES;
				CLANG_WARN_NON_LITERAL_NULL_CONVERSION = YES;
				CLANG_WARN_OBJC_IMPLICIT_RETAIN_SELF = YES;
				CLANG_WARN_OBJC_LITERAL_CONVERSION = YES;
				CLANG_WARN_OBJC_ROOT_CLASS = YES_ERROR;
				CLANG_WARN_RANGE_LOOP_ANALYSIS = YES;
				CLANG_WARN_STRICT_PROTOTYPES = YES;
				CLANG_WARN_SUSPICIOUS_MOVE = YES;
				CLANG_WARN_UNGUARDED_AVAILABILITY = YES_AGGRESSIVE;
				CLANG_WARN_UNREACHABLE_CODE = YES;
				CLANG_WARN__DUPLICATE_METHOD_MATCH = YES;
				COPY_PHASE_STRIP = NO;
				CURRENT_PROJECT_VERSION = 1;
				DEBUG_INFORMATION_FORMAT = dwarf;
				ENABLE_STRICT_OBJC_MSGSEND = YES;
				ENABLE_TESTABILITY = YES;
				GCC_C_LANGUAGE_STANDARD = gnu11;
				GCC_DYNAMIC_NO_PIC = NO;
				GCC_NO_COMMON_BLOCKS = YES;
				GCC_OPTIMIZATION_LEVEL = 0;
				GCC_PREPROCESSOR_DEFINITIONS = (
					"DEBUG=1",
					"$(inherited)",
				);
				GCC_WARN_64_TO_32_BIT_CONVERSION = YES;
				GCC_WARN_ABOUT_RETURN_TYPE = YES_ERROR;
				GCC_WARN_UNDECLARED_SELECTOR = YES;
				GCC_WARN_UNINITIALIZED_AUTOS = YES_AGGRESSIVE;
				GCC_WARN_UNUSED_FUNCTION = YES;
				GCC_WARN_UNUSED_VARIABLE = YES;
				IPHONEOS_DEPLOYMENT_TARGET = 13.2;
				MTL_ENABLE_DEBUG_INFO = INCLUDE_SOURCE;
				MTL_FAST_MATH = YES;
				ONLY_ACTIVE_ARCH = YES;
				SDKROOT = iphoneos;
				SWIFT_ACTIVE_COMPILATION_CONDITIONS = DEBUG;
				SWIFT_OPTIMIZATION_LEVEL = "-Onone";
				VERSIONING_SYSTEM = "apple-generic";
				VERSION_INFO_PREFIX = "";
			};
			name = Debug;
		};
		6834A2B82406C0A600359631 /* Release */ = {
			isa = XCBuildConfiguration;
			buildSettings = {
				ALWAYS_SEARCH_USER_PATHS = NO;
				CLANG_ANALYZER_NONNULL = YES;
				CLANG_ANALYZER_NUMBER_OBJECT_CONVERSION = YES_AGGRESSIVE;
				CLANG_CXX_LANGUAGE_STANDARD = "gnu++14";
				CLANG_CXX_LIBRARY = "libc++";
				CLANG_ENABLE_MODULES = YES;
				CLANG_ENABLE_OBJC_ARC = YES;
				CLANG_ENABLE_OBJC_WEAK = YES;
				CLANG_WARN_BLOCK_CAPTURE_AUTORELEASING = YES;
				CLANG_WARN_BOOL_CONVERSION = YES;
				CLANG_WARN_COMMA = YES;
				CLANG_WARN_CONSTANT_CONVERSION = YES;
				CLANG_WARN_DEPRECATED_OBJC_IMPLEMENTATIONS = YES;
				CLANG_WARN_DIRECT_OBJC_ISA_USAGE = YES_ERROR;
				CLANG_WARN_DOCUMENTATION_COMMENTS = YES;
				CLANG_WARN_EMPTY_BODY = YES;
				CLANG_WARN_ENUM_CONVERSION = YES;
				CLANG_WARN_INFINITE_RECURSION = YES;
				CLANG_WARN_INT_CONVERSION = YES;
				CLANG_WARN_NON_LITERAL_NULL_CONVERSION = YES;
				CLANG_WARN_OBJC_IMPLICIT_RETAIN_SELF = YES;
				CLANG_WARN_OBJC_LITERAL_CONVERSION = YES;
				CLANG_WARN_OBJC_ROOT_CLASS = YES_ERROR;
				CLANG_WARN_RANGE_LOOP_ANALYSIS = YES;
				CLANG_WARN_STRICT_PROTOTYPES = YES;
				CLANG_WARN_SUSPICIOUS_MOVE = YES;
				CLANG_WARN_UNGUARDED_AVAILABILITY = YES_AGGRESSIVE;
				CLANG_WARN_UNREACHABLE_CODE = YES;
				CLANG_WARN__DUPLICATE_METHOD_MATCH = YES;
				COPY_PHASE_STRIP = NO;
				CURRENT_PROJECT_VERSION = 1;
				DEBUG_INFORMATION_FORMAT = "dwarf-with-dsym";
				ENABLE_NS_ASSERTIONS = NO;
				ENABLE_STRICT_OBJC_MSGSEND = YES;
				GCC_C_LANGUAGE_STANDARD = gnu11;
				GCC_NO_COMMON_BLOCKS = YES;
				GCC_WARN_64_TO_32_BIT_CONVERSION = YES;
				GCC_WARN_ABOUT_RETURN_TYPE = YES_ERROR;
				GCC_WARN_UNDECLARED_SELECTOR = YES;
				GCC_WARN_UNINITIALIZED_AUTOS = YES_AGGRESSIVE;
				GCC_WARN_UNUSED_FUNCTION = YES;
				GCC_WARN_UNUSED_VARIABLE = YES;
				IPHONEOS_DEPLOYMENT_TARGET = 13.2;
				MTL_ENABLE_DEBUG_INFO = NO;
				MTL_FAST_MATH = YES;
				SDKROOT = iphoneos;
				SWIFT_COMPILATION_MODE = wholemodule;
				SWIFT_OPTIMIZATION_LEVEL = "-O";
				VALIDATE_PRODUCT = YES;
				VERSIONING_SYSTEM = "apple-generic";
				VERSION_INFO_PREFIX = "";
			};
			name = Release;
		};
		6834A2BA2406C0A600359631 /* Debug */ = {
			isa = XCBuildConfiguration;
			baseConfigurationReference = 852B6AAD994639E45643E4E0 /* Pods-PassportKit.debug.xcconfig */;
			buildSettings = {
				CODE_SIGN_STYLE = Automatic;
				DEFINES_MODULE = YES;
				DEVELOPMENT_TEAM = X439R68L28;
				DYLIB_COMPATIBILITY_VERSION = 1;
				DYLIB_CURRENT_VERSION = 1;
				DYLIB_INSTALL_NAME_BASE = "@rpath";
				INFOPLIST_FILE = PassportKit/Info.plist;
				INSTALL_PATH = "$(LOCAL_LIBRARY_DIR)/Frameworks";
				LD_RUNPATH_SEARCH_PATHS = (
					"$(inherited)",
					"@executable_path/Frameworks",
					"@loader_path/Frameworks",
				);
				MARKETING_VERSION = 0.9.2;
				PRODUCT_BUNDLE_IDENTIFIER = Appoly.PassportKit;
				PRODUCT_NAME = "$(TARGET_NAME:c99extidentifier)";
				SKIP_INSTALL = YES;
				SWIFT_VERSION = 5.0;
				TARGETED_DEVICE_FAMILY = "1,2";
			};
			name = Debug;
		};
		6834A2BB2406C0A600359631 /* Release */ = {
			isa = XCBuildConfiguration;
			baseConfigurationReference = 7DFDB20C9DDEB09D1552D10E /* Pods-PassportKit.release.xcconfig */;
			buildSettings = {
				CODE_SIGN_STYLE = Automatic;
				DEFINES_MODULE = YES;
				DEVELOPMENT_TEAM = X439R68L28;
				DYLIB_COMPATIBILITY_VERSION = 1;
				DYLIB_CURRENT_VERSION = 1;
				DYLIB_INSTALL_NAME_BASE = "@rpath";
				INFOPLIST_FILE = PassportKit/Info.plist;
				INSTALL_PATH = "$(LOCAL_LIBRARY_DIR)/Frameworks";
				LD_RUNPATH_SEARCH_PATHS = (
					"$(inherited)",
					"@executable_path/Frameworks",
					"@loader_path/Frameworks",
				);
				MARKETING_VERSION = 0.9.2;
				PRODUCT_BUNDLE_IDENTIFIER = Appoly.PassportKit;
				PRODUCT_NAME = "$(TARGET_NAME:c99extidentifier)";
				SKIP_INSTALL = YES;
				SWIFT_VERSION = 5.0;
				TARGETED_DEVICE_FAMILY = "1,2";
			};
			name = Release;
		};
/* End XCBuildConfiguration section */

/* Begin XCConfigurationList section */
		6834A2AB2406C0A600359631 /* Build configuration list for PBXProject "PassportKit" */ = {
			isa = XCConfigurationList;
			buildConfigurations = (
				6834A2B72406C0A600359631 /* Debug */,
				6834A2B82406C0A600359631 /* Release */,
			);
			defaultConfigurationIsVisible = 0;
			defaultConfigurationName = Release;
		};
		6834A2B92406C0A600359631 /* Build configuration list for PBXNativeTarget "PassportKit" */ = {
			isa = XCConfigurationList;
			buildConfigurations = (
				6834A2BA2406C0A600359631 /* Debug */,
				6834A2BB2406C0A600359631 /* Release */,
			);
			defaultConfigurationIsVisible = 0;
			defaultConfigurationName = Release;
		};
/* End XCConfigurationList section */
	};
	rootObject = 6834A2A82406C0A600359631 /* Project object */;
}
